
Microsoft Visual Studio Solution File, Format Version 12.00
# Visual Studio Version 17
VisualStudioVersion = 17.14.36623.8
MinimumVisualStudioVersion = 10.0.40219.1
Project("{8BC9CEB8-8B4A-11D0-8D11-00A0C91BC942}") = "WinAPI", "WinAPI\WinAPI.vcxproj", "{5E6C7BD9-2B2A-4E31-A5F5-AAF1EA3BDE4E}"
EndProject
Project("{8BC9CEB8-8B4A-11D0-8D11-00A0C91BC942}") = "ComboBox", "ComboBox\ComboBox.vcxproj", "{3C4D27F6-4444-4C08-869D-F15B6336BA2B}"
EndProject
Project("{8BC9CEB8-8B4A-11D0-8D11-00A0C91BC942}") = "ListBox", "ListBox\ListBox.vcxproj", "{0E887DE5-E3A0-4EFD-8499-7C7195B4B6EE}"
EndProject
Project("{8BC9CEB8-8B4A-11D0-8D11-00A0C91BC942}") = "MainWindow", "MainWindow\MainWindow.vcxproj", "{12C6217E-6D37-460A-8601-4F622F3263EB}"
EndProject
Project("{8BC9CEB8-8B4A-11D0-8D11-00A0C91BC942}") = "Calc", "Calc\Calc.vcxproj", "{989E3B35-E6C5-468D-85AB-CE41A8156FBB}"
EndProject
Project("{8BC9CEB8-8B4A-11D0-8D11-00A0C91BC942}") = "Resource-onlyDLL", "Resource-onlyDLL\Resource-onlyDLL.vcxproj", "{9D6D6EE1-0CCF-4C10-916F-008B11A6374C}"
EndProject
Global
	GlobalSection(SolutionConfigurationPlatforms) = preSolution
		Debug|x64 = Debug|x64
		Debug|x86 = Debug|x86
		Release|x64 = Release|x64
		Release|x86 = Release|x86
	EndGlobalSection
	GlobalSection(ProjectConfigurationPlatforms) = postSolution
		{5E6C7BD9-2B2A-4E31-A5F5-AAF1EA3BDE4E}.Debug|x64.ActiveCfg = Debug|x64
		{5E6C7BD9-2B2A-4E31-A5F5-AAF1EA3BDE4E}.Debug|x64.Build.0 = Debug|x64
		{5E6C7BD9-2B2A-4E31-A5F5-AAF1EA3BDE4E}.Debug|x86.ActiveCfg = Debug|Win32
		{5E6C7BD9-2B2A-4E31-A5F5-AAF1EA3BDE4E}.Debug|x86.Build.0 = Debug|Win32
		{5E6C7BD9-2B2A-4E31-A5F5-AAF1EA3BDE4E}.Release|x64.ActiveCfg = Release|x64
		{5E6C7BD9-2B2A-4E31-A5F5-AAF1EA3BDE4E}.Release|x64.Build.0 = Release|x64
		{5E6C7BD9-2B2A-4E31-A5F5-AAF1EA3BDE4E}.Release|x86.ActiveCfg = Release|Win32
		{5E6C7BD9-2B2A-4E31-A5F5-AAF1EA3BDE4E}.Release|x86.Build.0 = Release|Win32
		{3C4D27F6-4444-4C08-869D-F15B6336BA2B}.Debug|x64.ActiveCfg = Debug|x64
		{3C4D27F6-4444-4C08-869D-F15B6336BA2B}.Debug|x64.Build.0 = Debug|x64
		{3C4D27F6-4444-4C08-869D-F15B6336BA2B}.Debug|x86.ActiveCfg = Debug|Win32
		{3C4D27F6-4444-4C08-869D-F15B6336BA2B}.Debug|x86.Build.0 = Debug|Win32
		{3C4D27F6-4444-4C08-869D-F15B6336BA2B}.Release|x64.ActiveCfg = Release|x64
		{3C4D27F6-4444-4C08-869D-F15B6336BA2B}.Release|x64.Build.0 = Release|x64
		{3C4D27F6-4444-4C08-869D-F15B6336BA2B}.Release|x86.ActiveCfg = Release|Win32
		{3C4D27F6-4444-4C08-869D-F15B6336BA2B}.Release|x86.Build.0 = Release|Win32
		{0E887DE5-E3A0-4EFD-8499-7C7195B4B6EE}.Debug|x64.ActiveCfg = Debug|x64
		{0E887DE5-E3A0-4EFD-8499-7C7195B4B6EE}.Debug|x64.Build.0 = Debug|x64
		{0E887DE5-E3A0-4EFD-8499-7C7195B4B6EE}.Debug|x86.ActiveCfg = Debug|Win32
		{0E887DE5-E3A0-4EFD-8499-7C7195B4B6EE}.Debug|x86.Build.0 = Debug|Win32
		{0E887DE5-E3A0-4EFD-8499-7C7195B4B6EE}.Release|x64.ActiveCfg = Release|x64
		{0E887DE5-E3A0-4EFD-8499-7C7195B4B6EE}.Release|x64.Build.0 = Release|x64
		{0E887DE5-E3A0-4EFD-8499-7C7195B4B6EE}.Release|x86.ActiveCfg = Release|Win32
		{0E887DE5-E3A0-4EFD-8499-7C7195B4B6EE}.Release|x86.Build.0 = Release|Win32
		{12C6217E-6D37-460A-8601-4F622F3263EB}.Debug|x64.ActiveCfg = Debug|x64
		{12C6217E-6D37-460A-8601-4F622F3263EB}.Debug|x64.Build.0 = Debug|x64
		{12C6217E-6D37-460A-8601-4F622F3263EB}.Debug|x86.ActiveCfg = Debug|Win32
		{12C6217E-6D37-460A-8601-4F622F3263EB}.Debug|x86.Build.0 = Debug|Win32
		{12C6217E-6D37-460A-8601-4F622F3263EB}.Release|x64.ActiveCfg = Release|x64
		{12C6217E-6D37-460A-8601-4F622F3263EB}.Release|x64.Build.0 = Release|x64
		{12C6217E-6D37-460A-8601-4F622F3263EB}.Release|x86.ActiveCfg = Release|Win32
		{12C6217E-6D37-460A-8601-4F622F3263EB}.Release|x86.Build.0 = Release|Win32
		{989E3B35-E6C5-468D-85AB-CE41A8156FBB}.Debug|x64.ActiveCfg = Debug|x64
		{989E3B35-E6C5-468D-85AB-CE41A8156FBB}.Debug|x64.Build.0 = Debug|x64
		{989E3B35-E6C5-468D-85AB-CE41A8156FBB}.Debug|x86.ActiveCfg = Debug|Win32
		{989E3B35-E6C5-468D-85AB-CE41A8156FBB}.Debug|x86.Build.0 = Debug|Win32
		{989E3B35-E6C5-468D-85AB-CE41A8156FBB}.Release|x64.ActiveCfg = Release|x64
		{989E3B35-E6C5-468D-85AB-CE41A8156FBB}.Release|x64.Build.0 = Release|x64
		{989E3B35-E6C5-468D-85AB-CE41A8156FBB}.Release|x86.ActiveCfg = Release|Win32
		{989E3B35-E6C5-468D-85AB-CE41A8156FBB}.Release|x86.Build.0 = Release|Win32
		{9D6D6EE1-0CCF-4C10-916F-008B11A6374C}.Debug|x64.ActiveCfg = Debug|x64
		{9D6D6EE1-0CCF-4C10-916F-008B11A6374C}.Debug|x64.Build.0 = Debug|x64
		{9D6D6EE1-0CCF-4C10-916F-008B11A6374C}.Debug|x86.ActiveCfg = Debug|Win32
		{9D6D6EE1-0CCF-4C10-916F-008B11A6374C}.Debug|x86.Build.0 = Debug|Win32
		{9D6D6EE1-0CCF-4C10-916F-008B11A6374C}.Release|x64.ActiveCfg = Release|x64
		{9D6D6EE1-0CCF-4C10-916F-008B11A6374C}.Release|x64.Build.0 = Release|x64
		{9D6D6EE1-0CCF-4C10-916F-008B11A6374C}.Release|x86.ActiveCfg = Release|Win32
		{9D6D6EE1-0CCF-4C10-916F-008B11A6374C}.Release|x86.Build.0 = Release|Win32
	EndGlobalSection
	GlobalSection(SolutionProperties) = preSolution
		HideSolutionNode = FALSE
	EndGlobalSection
	GlobalSection(ExtensibilityGlobals) = postSolution
		SolutionGuid = {8F697259-7EF1-434A-9E18-7B12BFA9A565}
	EndGlobalSection
EndGlobal
